PODS:
  - Charts (3.1.1):
    - Charts/Core (= 3.1.1)
  - Charts/Core (3.1.1)

DEPENDENCIES:
  - Charts

SPEC REPOS:
  https://github.com/CocoaPods/Specs.git:
    - Charts

SPEC CHECKSUMS:
  Charts: 90a4d61da0f6e06684c591e3bcab11940fe61736

PODFILE CHECKSUM: e59a5736988263a18c7bce1f30c882837f9cfca3

COCOAPODS: 1.5.0
